<?xml version="1.0" encoding="utf-8"?>
<Project ToolsVersion="4.0" xmlns="http://schemas.microsoft.com/developer/msbuild/2003">
  <ItemGroup>
    <Filter Include="Quelldateien">
      <UniqueIdentifier>{4FC737F1-C7A5-4376-A066-2A32D752A2FF}</UniqueIdentifier>
      <Extensions>cpp;c;cc;cxx;c++;cppm;ixx;def;odl;idl;hpj;bat;asm;asmx</Extensions>
    </Filter>
    <Filter Include="Headerdateien">
      <UniqueIdentifier>{93995380-89BD-4b04-88EB-625FBE52EBFB}</UniqueIdentifier>
      <Extensions>h;hh;hpp;hxx;h++;hm;inl;inc;ipp;xsd</Extensions>
    </Filter>
    <Filter Include="Ressourcendateien">
      <UniqueIdentifier>{67DA6AB6-F800-4c08-8B7A-83BB121AAD01}</UniqueIdentifier>
      <Extensions>rc;ico;cur;bmp;dlg;rc2;rct;bin;rgs;gif;jpg;jpeg;jpe;resx;tiff;tif;png;wav;mfcribbon-ms</Extensions>
    </Filter>
    <Filter Include="Ressourcendateien\resources">
      <UniqueIdentifier>{f977b945-e192-46fa-99f2-d263cf8745f9}</UniqueIdentifier>
    </Filter>
    <Filter Include="Ressourcendateien\resources\input">
      <UniqueIdentifier>{4db7ab16-f01a-43e4-b5cc-106eeacdd8fb}</UniqueIdentifier>
    </Filter>
    <Filter Include="Ressourcendateien\resources\settings">
      <UniqueIdentifier>{3da02f1b-c69e-48f0-b99d-d6f4f4365765}</UniqueIdentifier>
    </Filter>
    <Filter Include="Ressourcendateien\resources\icons">
      <UniqueIdentifier>{7b972191-35af-43f6-bde3-ea338e72e65e}</UniqueIdentifier>
    </Filter>
    <Filter Include="Ressourcendateien\icons">
      <UniqueIdentifier>{e8d76bbd-eb14-4635-8db4-beb364f00a0f}</UniqueIdentifier>
    </Filter>
    <Filter Include="Ressourcendateien\bin">
      <UniqueIdentifier>{f6f51170-a22b-4030-8dcd-3af0902ccb87}</UniqueIdentifier>
    </Filter>
    <Filter Include="Ressourcendateien\bin\win64">
      <UniqueIdentifier>{432d27d5-e51a-41c8-b960-250ab11f675a}</UniqueIdentifier>
    </Filter>
  </ItemGroup>
  <ItemGroup>
    <ClInclude Include="openvr_driver.h">
      <Filter>Headerdateien</Filter>
    </ClInclude>
    <ClInclude Include="MinimalOmniReader.h">
      <Filter>Headerdateien</Filter>
    </ClInclude>
    <ClInclude Include="TreadmillServerDriver.h">
      <Filter>Headerdateien</Filter>
    </ClInclude>
    <ClInclude Include="TreadmillDevice.h">
      <Filter>Headerdateien</Filter>
    </ClInclude>
  </ItemGroup>
  <ItemGroup>
    <ClCompile Include="driver_treadmill.cpp">
      <Filter>Quelldateien</Filter>
    </ClCompile>
    <ClCompile Include="TreadmillServerDriver.cpp">
      <Filter>Quelldateien</Filter>
    </ClCompile>
  </ItemGroup>
  <ItemGroup>
    <None Include="treadmill\resources\input\bindings_treadmill_controller.json">
      <Filter>Ressourcendateien\resources\input</Filter>
    </None>
    <None Include="treadmill\resources\input\legacy_bindings.json">
      <Filter>Ressourcendateien\resources\input</Filter>
    </None>
    <None Include="treadmill\resources\input\steam.app.611670.json">
      <Filter>Ressourcendateien\resources\input</Filter>
    </None>
    <None Include="treadmill\resources\input\treadmill_profile.json">
      <Filter>Ressourcendateien\resources\input</Filter>
    </None>
    <None Include="treadmill\resources\settings\default.vrsettings">
      <Filter>Ressourcendateien\resources\settings</Filter>
    </None>
    <None Include="README.md" />
    <None Include="usage.md" />
    <None Include="treadmill\resources\icons\treadmill.svg">
      <Filter>Ressourcendateien\resources\icons</Filter>
    </None>
    <None Include="treadmill\driver.vrdrivermanifest">
      <Filter>Ressourcendateien</Filter>
    </None>
    <None Include="treadmill\bin\win64\driver_treadmill.dll">
      <Filter>Ressourcendateien\bin\win64</Filter>
    </None>
    <None Include="treadmill\bin\win64\OmniBridge.dll">
      <Filter>Ressourcendateien\bin\win64</Filter>
    </None>
    <None Include="treadmill\bin\win64\OmniCommon.dll">
      <Filter>Ressourcendateien\bin\win64</Filter>
    </None>
  </ItemGroup>
</Project>